Microsoft Visual Studio Solution File, Format Version 12.00
# Visual Studio Version 17
VisualStudioVersion = 17.7.34003.232
MinimumVisualStudioVersion = 10.0.40219.1
Project("{9A19103F-16F7-4668-BE54-9A1E7A4F7556}") = "DotNetSessionApi64.Example", "DotNetSessionApi64.Example\DotNetSessionApi64.Example.csproj", "{FCBDC989-01ED-4F23-802C-4ABB07EFDC17}"
EndProject
Global
	GlobalSection(SolutionConfigurationPlatforms) = preSolution
		Debug|x64 = Debug|x64
		Release|x64 = Release|x64
	EndGlobalSection
	GlobalSection(ProjectConfigurationPlatforms) = postSolution
		{FCBDC989-01ED-4F23-802C-4ABB07EFDC17}.Debug|x64.ActiveCfg = Debug|Any CPU
		{FCBDC989-01ED-4F23-802C-4ABB07EFDC17}.Debug|x64.Build.0 = Debug|Any CPU
		{FCBDC989-01ED-4F23-802C-4ABB07EFDC17}.Release|x64.ActiveCfg = Release|Any CPU
		{FCBDC989-01ED-4F23-802C-4ABB07EFDC17}.Release|x64.Build.0 = Release|Any CPU
	EndGlobalSection
	GlobalSection(SolutionProperties) = preSolution
		HideSolutionNode = FALSE
	EndGlobalSection
	GlobalSection(ExtensibilityGlobals) = postSolution
		SolutionGuid = {7DE73248-47DA-4FA6-B26D-A15AAED97ACC}
	EndGlobalSection
EndGlobal
